
Microsoft Visual Studio Solution File, Format Version 12.00
# Visual Studio Version 16
VisualStudioVersion = 16.0.32002.261
MinimumVisualStudioVersion = 10.0.40219.1
Project("{FAE04EC0-301F-11D3-BF4B-00C04F79EFBC}") = "AppGallery.Android", "AppGallery\AppGallery.Android\AppGallery.Android.csproj", "{6CC9AF9D-3BFB-48B9-85AA-D63DFD88540E}"
EndProject
Project("{FAE04EC0-301F-11D3-BF4B-00C04F79EFBC}") = "AppGallery.iOS", "AppGallery\AppGallery.iOS\AppGallery.iOS.csproj", "{10A5E762-A8A9-4B4B-AFB6-94C7EC511744}"
EndProject
Project("{FAE04EC0-301F-11D3-BF4B-00C04F79EFBC}") = "AppGallery", "AppGallery\AppGallery\AppGallery.csproj", "{61EEB6CA-3E29-419A-B4E8-AC15D7D77CFC}"
EndProject
Global
	GlobalSection(SolutionConfigurationPlatforms) = preSolution
		Debug|Any CPU = Debug|Any CPU
		Debug|iPhone = Debug|iPhone
		Debug|iPhoneSimulator = Debug|iPhoneSimulator
		Release|Any CPU = Release|Any CPU
		Release|iPhone = Release|iPhone
		Release|iPhoneSimulator = Release|iPhoneSimulator
	EndGlobalSection
	GlobalSection(ProjectConfigurationPlatforms) = postSolution
		{6CC9AF9D-3BFB-48B9-85AA-D63DFD88540E}.Debug|Any CPU.ActiveCfg = Debug|Any CPU
		{6CC9AF9D-3BFB-48B9-85AA-D63DFD88540E}.Debug|Any CPU.Build.0 = Debug|Any CPU
		{6CC9AF9D-3BFB-48B9-85AA-D63DFD88540E}.Debug|Any CPU.Deploy.0 = Debug|Any CPU
		{6CC9AF9D-3BFB-48B9-85AA-D63DFD88540E}.Debug|iPhone.ActiveCfg = Debug|Any CPU
		{6CC9AF9D-3BFB-48B9-85AA-D63DFD88540E}.Debug|iPhone.Build.0 = Debug|Any CPU
		{6CC9AF9D-3BFB-48B9-85AA-D63DFD88540E}.Debug|iPhone.Deploy.0 = Debug|Any CPU
		{6CC9AF9D-3BFB-48B9-85AA-D63DFD88540E}.Debug|iPhoneSimulator.ActiveCfg = Debug|Any CPU
		{6CC9AF9D-3BFB-48B9-85AA-D63DFD88540E}.Debug|iPhoneSimulator.Build.0 = Debug|Any CPU
		{6CC9AF9D-3BFB-48B9-85AA-D63DFD88540E}.Debug|iPhoneSimulator.Deploy.0 = Debug|Any CPU
		{6CC9AF9D-3BFB-48B9-85AA-D63DFD88540E}.Release|Any CPU.ActiveCfg = Release|Any CPU
		{6CC9AF9D-3BFB-48B9-85AA-D63DFD88540E}.Release|Any CPU.Build.0 = Release|Any CPU
		{6CC9AF9D-3BFB-48B9-85AA-D63DFD88540E}.Release|Any CPU.Deploy.0 = Release|Any CPU
		{6CC9AF9D-3BFB-48B9-85AA-D63DFD88540E}.Release|iPhone.ActiveCfg = Release|Any CPU
		{6CC9AF9D-3BFB-48B9-85AA-D63DFD88540E}.Release|iPhone.Build.0 = Release|Any CPU
		{6CC9AF9D-3BFB-48B9-85AA-D63DFD88540E}.Release|iPhone.Deploy.0 = Release|Any CPU
		{6CC9AF9D-3BFB-48B9-85AA-D63DFD88540E}.Release|iPhoneSimulator.ActiveCfg = Release|Any CPU
		{6CC9AF9D-3BFB-48B9-85AA-D63DFD88540E}.Release|iPhoneSimulator.Build.0 = Release|Any CPU
		{6CC9AF9D-3BFB-48B9-85AA-D63DFD88540E}.Release|iPhoneSimulator.Deploy.0 = Release|Any CPU
		{10A5E762-A8A9-4B4B-AFB6-94C7EC511744}.Debug|Any CPU.ActiveCfg = Debug|iPhone
		{10A5E762-A8A9-4B4B-AFB6-94C7EC511744}.Debug|Any CPU.Build.0 = Debug|iPhone
		{10A5E762-A8A9-4B4B-AFB6-94C7EC511744}.Debug|Any CPU.Deploy.0 = Debug|iPhone
		{10A5E762-A8A9-4B4B-AFB6-94C7EC511744}.Debug|iPhone.ActiveCfg = Debug|iPhone
		{10A5E762-A8A9-4B4B-AFB6-94C7EC511744}.Debug|iPhone.Build.0 = Debug|iPhone
		{10A5E762-A8A9-4B4B-AFB6-94C7EC511744}.Debug|iPhone.Deploy.0 = Debug|iPhone
		{10A5E762-A8A9-4B4B-AFB6-94C7EC511744}.Debug|iPhoneSimulator.ActiveCfg = Debug|iPhoneSimulator
		{10A5E762-A8A9-4B4B-AFB6-94C7EC511744}.Debug|iPhoneSimulator.Build.0 = Debug|iPhoneSimulator
		{10A5E762-A8A9-4B4B-AFB6-94C7EC511744}.Debug|iPhoneSimulator.Deploy.0 = Debug|iPhoneSimulator
		{10A5E762-A8A9-4B4B-AFB6-94C7EC511744}.Release|Any CPU.ActiveCfg = Release|iPhoneSimulator
		{10A5E762-A8A9-4B4B-AFB6-94C7EC511744}.Release|Any CPU.Build.0 = Release|iPhoneSimulator
		{10A5E762-A8A9-4B4B-AFB6-94C7EC511744}.Release|Any CPU.Deploy.0 = Release|iPhoneSimulator
		{10A5E762-A8A9-4B4B-AFB6-94C7EC511744}.Release|iPhone.ActiveCfg = Release|iPhone
		{10A5E762-A8A9-4B4B-AFB6-94C7EC511744}.Release|iPhone.Build.0 = Release|iPhone
		{10A5E762-A8A9-4B4B-AFB6-94C7EC511744}.Release|iPhone.Deploy.0 = Release|iPhone
		{10A5E762-A8A9-4B4B-AFB6-94C7EC511744}.Release|iPhoneSimulator.ActiveCfg = Release|iPhoneSimulator
		{10A5E762-A8A9-4B4B-AFB6-94C7EC511744}.Release|iPhoneSimulator.Build.0 = Release|iPhoneSimulator
		{10A5E762-A8A9-4B4B-AFB6-94C7EC511744}.Release|iPhoneSimulator.Deploy.0 = Release|iPhoneSimulator
		{61EEB6CA-3E29-419A-B4E8-AC15D7D77CFC}.Debug|Any CPU.ActiveCfg = Debug|Any CPU
		{61EEB6CA-3E29-419A-B4E8-AC15D7D77CFC}.Debug|Any CPU.Build.0 = Debug|Any CPU
		{61EEB6CA-3E29-419A-B4E8-AC15D7D77CFC}.Debug|Any CPU.Deploy.0 = Debug|Any CPU
		{61EEB6CA-3E29-419A-B4E8-AC15D7D77CFC}.Debug|iPhone.ActiveCfg = Debug|Any CPU
		{61EEB6CA-3E29-419A-B4E8-AC15D7D77CFC}.Debug|iPhone.Build.0 = Debug|Any CPU
		{61EEB6CA-3E29-419A-B4E8-AC15D7D77CFC}.Debug|iPhone.Deploy.0 = Debug|Any CPU
		{61EEB6CA-3E29-419A-B4E8-AC15D7D77CFC}.Debug|iPhoneSimulator.ActiveCfg = Debug|Any CPU
		{61EEB6CA-3E29-419A-B4E8-AC15D7D77CFC}.Debug|iPhoneSimulator.Build.0 = Debug|Any CPU
		{61EEB6CA-3E29-419A-B4E8-AC15D7D77CFC}.Debug|iPhoneSimulator.Deploy.0 = Debug|Any CPU
		{61EEB6CA-3E29-419A-B4E8-AC15D7D77CFC}.Release|Any CPU.ActiveCfg = Release|Any CPU
		{61EEB6CA-3E29-419A-B4E8-AC15D7D77CFC}.Release|Any CPU.Build.0 = Release|Any CPU
		{61EEB6CA-3E29-419A-B4E8-AC15D7D77CFC}.Release|Any CPU.Deploy.0 = Release|Any CPU
		{61EEB6CA-3E29-419A-B4E8-AC15D7D77CFC}.Release|iPhone.ActiveCfg = Release|Any CPU
		{61EEB6CA-3E29-419A-B4E8-AC15D7D77CFC}.Release|iPhone.Build.0 = Release|Any CPU
		{61EEB6CA-3E29-419A-B4E8-AC15D7D77CFC}.Release|iPhone.Deploy.0 = Release|Any CPU
		{61EEB6CA-3E29-419A-B4E8-AC15D7D77CFC}.Release|iPhoneSimulator.ActiveCfg = Release|Any CPU
		{61EEB6CA-3E29-419A-B4E8-AC15D7D77CFC}.Release|iPhoneSimulator.Build.0 = Release|Any CPU
		{61EEB6CA-3E29-419A-B4E8-AC15D7D77CFC}.Release|iPhoneSimulator.Deploy.0 = Release|Any CPU
	EndGlobalSection
	GlobalSection(SolutionProperties) = preSolution
		HideSolutionNode = FALSE
	EndGlobalSection
	GlobalSection(ExtensibilityGlobals) = postSolution
		SolutionGuid = {06536BC4-5FCD-4309-83B6-098A786152E3}
	EndGlobalSection
EndGlobal
